
Microsoft Visual Studio Solution File, Format Version 12.00
# Visual Studio 15
VisualStudioVersion = 15.0.27428.2037
MinimumVisualStudioVersion = 10.0.40219.1
Project("{8BC9CEB8-8B4A-11D0-8D11-00A0C91BC942}") = "list2", "list2\list2.vcxproj", "{7FCFCF64-3338-406E-A08F-4602AF9BD0D8}"
EndProject
Global
	GlobalSection(SolutionConfigurationPlatforms) = preSolution
		Debug|x64 = Debug|x64
		Debug|x86 = Debug|x86
		Release|x64 = Release|x64
		Release|x86 = Release|x86
	EndGlobalSection
	GlobalSection(ProjectConfigurationPlatforms) = postSolution
		{7FCFCF64-3338-406E-A08F-4602AF9BD0D8}.Debug|x64.ActiveCfg = Debug|x64
		{7FCFCF64-3338-406E-A08F-4602AF9BD0D8}.Debug|x64.Build.0 = Debug|x64
		{7FCFCF64-3338-406E-A08F-4602AF9BD0D8}.Debug|x86.ActiveCfg = Debug|Win32
		{7FCFCF64-3338-406E-A08F-4602AF9BD0D8}.Debug|x86.Build.0 = Debug|Win32
		{7FCFCF64-3338-406E-A08F-4602AF9BD0D8}.Release|x64.ActiveCfg = Release|x64
		{7FCFCF64-3338-406E-A08F-4602AF9BD0D8}.Release|x64.Build.0 = Release|x64
		{7FCFCF64-3338-406E-A08F-4602AF9BD0D8}.Release|x86.ActiveCfg = Release|Win32
		{7FCFCF64-3338-406E-A08F-4602AF9BD0D8}.Release|x86.Build.0 = Release|Win32
	EndGlobalSection
	GlobalSection(SolutionProperties) = preSolution
		HideSolutionNode = FALSE
	EndGlobalSection
	GlobalSection(ExtensibilityGlobals) = postSolution
		SolutionGuid = {4BB06A92-B3C5-43C3-81AA-53EA8257C90B}
	EndGlobalSection
EndGlobal
